// !$*UTF8*$!
{
	archiveVersion = 1;
	classes = {
	};
	objectVersion = 46;
	objects = {

/* Begin PBXBuildFile section */
		A914C1BE1C471C7800738ACA /* Preference.swift in Sources */ = {isa = PBXBuildFile; fileRef = A914C1BD1C471C7800738ACA /* Preference.swift */; };
		A92C83051C1808060020A8B1 /* CoreDataStackManager.swift in Sources */ = {isa = PBXBuildFile; fileRef = A92C83041C1808060020A8B1 /* CoreDataStackManager.swift */; };
		A92C83071C182D2D0020A8B1 /* Pin.swift in Sources */ = {isa = PBXBuildFile; fileRef = A92C83061C182D2D0020A8B1 /* Pin.swift */; };
		A92C83091C182D390020A8B1 /* Photo.swift in Sources */ = {isa = PBXBuildFile; fileRef = A92C83081C182D390020A8B1 /* Photo.swift */; };
		A92C830B1C1988AA0020A8B1 /* PinAnnotation.swift in Sources */ = {isa = PBXBuildFile; fileRef = A92C830A1C1988AA0020A8B1 /* PinAnnotation.swift */; };
		A92C83101C1996940020A8B1 /* Model.xcdatamodeld in Sources */ = {isa = PBXBuildFile; fileRef = A92C830E1C1996940020A8B1 /* Model.xcdatamodeld */; };
		A973A7B51C1FDA490068EB6D /* FlickrClient.swift in Sources */ = {isa = PBXBuildFile; fileRef = A973A7B41C1FDA490068EB6D /* FlickrClient.swift */; };
		A973A7B71C2172CC0068EB6D /* ImageCache.swift in Sources */ = {isa = PBXBuildFile; fileRef = A973A7B61C2172CC0068EB6D /* ImageCache.swift */; };
		A973A7B91C33D4C90068EB6D /* PhotoCell.swift in Sources */ = {isa = PBXBuildFile; fileRef = A973A7B81C33D4C90068EB6D /* PhotoCell.swift */; };
		A988FE3A1C1AC3EA000DFDC2 /* PhotoAlbumViewController.swift in Sources */ = {isa = PBXBuildFile; fileRef = A988FE391C1AC3EA000DFDC2 /* PhotoAlbumViewController.swift */; };
		A9EE90021C1502880093D0B6 /* AppDelegate.swift in Sources */ = {isa = PBXBuildFile; fileRef = A9EE90011C1502880093D0B6 /* AppDelegate.swift */; };
		A9EE90071C1502880093D0B6 /* Main.storyboard in Resources */ = {isa = PBXBuildFile; fileRef = A9EE90051C1502880093D0B6 /* Main.storyboard */; };
		A9EE900C1C1502880093D0B6 /* Assets.xcassets in Resources */ = {isa = PBXBuildFile; fileRef = A9EE900B1C1502880093D0B6 /* Assets.xcassets */; };
		A9EE900F1C1502880093D0B6 /* LaunchScreen.storyboard in Resources */ = {isa = PBXBuildFile; fileRef = A9EE900D1C1502880093D0B6 /* LaunchScreen.storyboard */; };
		A9EE90171C154CCC0093D0B6 /* TravelLocationsViewController.swift in Sources */ = {isa = PBXBuildFile; fileRef = A9EE90161C154CCC0093D0B6 /* TravelLocationsViewController.swift */; };
		A9EE90191C15509C0093D0B6 /* MapKit.framework in Frameworks */ = {isa = PBXBuildFile; fileRef = A9EE90181C15509C0093D0B6 /* MapKit.framework */; };
/* End PBXBuildFile section */

/* Begin PBXFileReference section */
		A914C1BD1C471C7800738ACA /* Preference.swift */ = {isa = PBXFileReference; fileEncoding = 4; lastKnownFileType = sourcecode.swift; path = Preference.swift; sourceTree = "<group>"; };
		A92C83041C1808060020A8B1 /* CoreDataStackManager.swift */ = {isa = PBXFileReference; fileEncoding = 4; lastKnownFileType = sourcecode.swift; path = CoreDataStackManager.swift; sourceTree = "<group>"; };
		A92C83061C182D2D0020A8B1 /* Pin.swift */ = {isa = PBXFileReference; fileEncoding = 4; lastKnownFileType = sourcecode.swift; path = Pin.swift; sourceTree = "<group>"; };
		A92C83081C182D390020A8B1 /* Photo.swift */ = {isa = PBXFileReference; fileEncoding = 4; lastKnownFileType = sourcecode.swift; path = Photo.swift; sourceTree = "<group>"; };
		A92C830A1C1988AA0020A8B1 /* PinAnnotation.swift */ = {isa = PBXFileReference; fileEncoding = 4; lastKnownFileType = sourcecode.swift; path = PinAnnotation.swift; sourceTree = "<group>"; };
		A92C830F1C1996940020A8B1 /* Model.xcdatamodel */ = {isa = PBXFileReference; lastKnownFileType = wrapper.xcdatamodel; path = Model.xcdatamodel; sourceTree = "<group>"; };
		A973A7B41C1FDA490068EB6D /* FlickrClient.swift */ = {isa = PBXFileReference; fileEncoding = 4; lastKnownFileType = sourcecode.swift; path = FlickrClient.swift; sourceTree = "<group>"; };
		A973A7B61C2172CC0068EB6D /* ImageCache.swift */ = {isa = PBXFileReference; fileEncoding = 4; lastKnownFileType = sourcecode.swift; path = ImageCache.swift; sourceTree = "<group>"; };
		A973A7B81C33D4C90068EB6D /* PhotoCell.swift */ = {isa = PBXFileReference; fileEncoding = 4; lastKnownFileType = sourcecode.swift; path = PhotoCell.swift; sourceTree = "<group>"; };
		A988FE391C1AC3EA000DFDC2 /* PhotoAlbumViewController.swift */ = {isa = PBXFileReference; fileEncoding = 4; lastKnownFileType = sourcecode.swift; path = PhotoAlbumViewController.swift; sourceTree = "<group>"; };
		A9EE8FFE1C1502880093D0B6 /* VirtualTourist.app */ = {isa = PBXFileReference; explicitFileType = wrapper.application; includeInIndex = 0; path = VirtualTourist.app; sourceTree = BUILT_PRODUCTS_DIR; };
		A9EE90011C1502880093D0B6 /* AppDelegate.swift */ = {isa = PBXFileReference; lastKnownFileType = sourcecode.swift; path = AppDelegate.swift; sourceTree = "<group>"; };
		A9EE90061C1502880093D0B6 /* Base */ = {isa = PBXFileReference; lastKnownFileType = file.storyboard; name = Base; path = Base.lproj/Main.storyboard; sourceTree = "<group>"; };
		A9EE900B1C1502880093D0B6 /* Assets.xcassets */ = {isa = PBXFileReference; lastKnownFileType = folder.assetcatalog; path = Assets.xcassets; sourceTree = "<group>"; };
		A9EE900E1C1502880093D0B6 /* Base */ = {isa = PBXFileReference; lastKnownFileType = file.storyboard; name = Base; path = Base.lproj/LaunchScreen.storyboard; sourceTree = "<group>"; };
		A9EE90101C1502880093D0B6 /* Info.plist */ = {isa = PBXFileReference; lastKnownFileType = text.plist.xml; path = Info.plist; sourceTree = "<group>"; };
		A9EE90161C154CCC0093D0B6 /* TravelLocationsViewController.swift */ = {isa = PBXFileReference; fileEncoding = 4; lastKnownFileType = sourcecode.swift; path = TravelLocationsViewController.swift; sourceTree = "<group>"; };
		A9EE90181C15509C0093D0B6 /* MapKit.framework */ = {isa = PBXFileReference; lastKnownFileType = wrapper.framework; name = MapKit.framework; path = System/Library/Frameworks/MapKit.framework; sourceTree = SDKROOT; };
/* End PBXFileReference section */

/* Begin PBXFrameworksBuildPhase section */
		A9EE8FFB1C1502880093D0B6 /* Frameworks */ = {
			isa = PBXFrameworksBuildPhase;
			buildActionMask = 2147483647;
			files = (
				A9EE90191C15509C0093D0B6 /* MapKit.framework in Frameworks */,
			);
			runOnlyForDeploymentPostprocessing = 0;
		};
/* End PBXFrameworksBuildPhase section */

/* Begin PBXGroup section */
		A92C830C1C19893B0020A8B1 /* Controller */ = {
			isa = PBXGroup;
			children = (
				A9EE90161C154CCC0093D0B6 /* TravelLocationsViewController.swift */,
				A988FE391C1AC3EA000DFDC2 /* PhotoAlbumViewController.swift */,
			);
			name = Controller;
			sourceTree = "<group>";
		};
		A973A7B31C1FD9DC0068EB6D /* Model */ = {
			isa = PBXGroup;
			children = (
				A92C83041C1808060020A8B1 /* CoreDataStackManager.swift */,
				A92C83081C182D390020A8B1 /* Photo.swift */,
				A92C83061C182D2D0020A8B1 /* Pin.swift */,
				A973A7B41C1FDA490068EB6D /* FlickrClient.swift */,
				A973A7B61C2172CC0068EB6D /* ImageCache.swift */,
				A914C1BD1C471C7800738ACA /* Preference.swift */,
			);
			name = Model;
			sourceTree = "<group>";
		};
		A9EE8FF51C1502880093D0B6 = {
			isa = PBXGroup;
			children = (
				A9EE90181C15509C0093D0B6 /* MapKit.framework */,
				A9EE90001C1502880093D0B6 /* VirtualTourist */,
				A9EE8FFF1C1502880093D0B6 /* Products */,
			);
			sourceTree = "<group>";
		};
		A9EE8FFF1C1502880093D0B6 /* Products */ = {
			isa = PBXGroup;
			children = (
				A9EE8FFE1C1502880093D0B6 /* VirtualTourist.app */,
			);
			name = Products;
			sourceTree = "<group>";
		};
		A9EE90001C1502880093D0B6 /* VirtualTourist */ = {
			isa = PBXGroup;
			children = (
				A973A7B31C1FD9DC0068EB6D /* Model */,
				A92C830C1C19893B0020A8B1 /* Controller */,
				A9EE90011C1502880093D0B6 /* AppDelegate.swift */,
				A9EE90051C1502880093D0B6 /* Main.storyboard */,
				A9EE900B1C1502880093D0B6 /* Assets.xcassets */,
				A9EE900D1C1502880093D0B6 /* LaunchScreen.storyboard */,
				A9EE90101C1502880093D0B6 /* Info.plist */,
				A92C830A1C1988AA0020A8B1 /* PinAnnotation.swift */,
				A92C830E1C1996940020A8B1 /* Model.xcdatamodeld */,
				A973A7B81C33D4C90068EB6D /* PhotoCell.swift */,
			);
			path = VirtualTourist;
			sourceTree = "<group>";
		};
/* End PBXGroup section */

/* Begin PBXNativeTarget section */
		A9EE8FFD1C1502880093D0B6 /* VirtualTourist */ = {
			isa = PBXNativeTarget;
			buildConfigurationList = A9EE90131C1502880093D0B6 /* Build configuration list for PBXNativeTarget "VirtualTourist" */;
			buildPhases = (
				A9EE8FFA1C1502880093D0B6 /* Sources */,
				A9EE8FFB1C1502880093D0B6 /* Frameworks */,
				A9EE8FFC1C1502880093D0B6 /* Resources */,
			);
			buildRules = (
			);
			dependencies = (
			);
			name = VirtualTourist;
			productName = VirtualTourist;
			productReference = A9EE8FFE1C1502880093D0B6 /* VirtualTourist.app */;
			productType = "com.apple.product-type.application";
		};
/* End PBXNativeTarget section */

/* Begin PBXProject section */
		A9EE8FF61C1502880093D0B6 /* Project object */ = {
			isa = PBXProject;
			attributes = {
				LastSwiftUpdateCheck = 0710;
				LastUpgradeCheck = 0710;
				ORGANIZATIONNAME = "Vince Chan";
				TargetAttributes = {
					A9EE8FFD1C1502880093D0B6 = {
						CreatedOnToolsVersion = 7.1.1;
						DevelopmentTeam = EKE7VUCX4W;
					};
				};
			};
			buildConfigurationList = A9EE8FF91C1502880093D0B6 /* Build configuration list for PBXProject "VirtualTourist" */;
			compatibilityVersion = "Xcode 3.2";
			developmentRegion = English;
			hasScannedForEncodings = 0;
			knownRegions = (
				en,
				Base,
			);
			mainGroup = A9EE8FF51C1502880093D0B6;
			productRefGroup = A9EE8FFF1C1502880093D0B6 /* Products */;
			projectDirPath = "";
			projectRoot = "";
			targets = (
				A9EE8FFD1C1502880093D0B6 /* VirtualTourist */,
			);
		};
/* End PBXProject section */

/* Begin PBXResourcesBuildPhase section */
		A9EE8FFC1C1502880093D0B6 /* Resources */ = {
			isa = PBXResourcesBuildPhase;
			buildActionMask = 2147483647;
			files = (
				A9EE900F1C1502880093D0B6 /* LaunchScreen.storyboard in Resources */,
				A9EE900C1C1502880093D0B6 /* Assets.xcassets in Resources */,
				A9EE90071C1502880093D0B6 /* Main.storyboard in Resources */,
			);
			runOnlyForDeploymentPostprocessing = 0;
		};
/* End PBXResourcesBuildPhase section */

/* Begin PBXSourcesBuildPhase section */
		A9EE8FFA1C1502880093D0B6 /* Sources */ = {
			isa = PBXSourcesBuildPhase;
			buildActionMask = 2147483647;
			files = (
				A92C83091C182D390020A8B1 /* Photo.swift in Sources */,
				A914C1BE1C471C7800738ACA /* Preference.swift in Sources */,
				A92C83071C182D2D0020A8B1 /* Pin.swift in Sources */,
				A92C830B1C1988AA0020A8B1 /* PinAnnotation.swift in Sources */,
				A988FE3A1C1AC3EA000DFDC2 /* PhotoAlbumViewController.swift in Sources */,
				A92C83101C1996940020A8B1 /* Model.xcdatamodeld in Sources */,
				A973A7B71C2172CC0068EB6D /* ImageCache.swift in Sources */,
				A9EE90021C1502880093D0B6 /* AppDelegate.swift in Sources */,
				A92C83051C1808060020A8B1 /* CoreDataStackManager.swift in Sources */,
				A9EE90171C154CCC0093D0B6 /* TravelLocationsViewController.swift in Sources */,
				A973A7B91C33D4C90068EB6D /* PhotoCell.swift in Sources */,
				A973A7B51C1FDA490068EB6D /* FlickrClient.swift in Sources */,
			);
			runOnlyForDeploymentPostprocessing = 0;
		};
/* End PBXSourcesBuildPhase section */

/* Begin PBXVariantGroup section */
		A9EE90051C1502880093D0B6 /* Main.storyboard */ = {
			isa = PBXVariantGroup;
			children = (
				A9EE90061C1502880093D0B6 /* Base */,
			);
			name = Main.storyboard;
			sourceTree = "<group>";
		};
		A9EE900D1C1502880093D0B6 /* LaunchScreen.storyboard */ = {
			isa = PBXVariantGroup;
			children = (
				A9EE900E1C1502880093D0B6 /* Base */,
			);
			name = LaunchScreen.storyboard;
			sourceTree = "<group>";
		};
/* End PBXVariantGroup section */

/* Begin XCBuildConfiguration section */
		A9EE90111C1502880093D0B6 /* Debug */ = {
			isa = XCBuildConfiguration;
			buildSettings = {
				ALWAYS_SEARCH_USER_PATHS = NO;
				CLANG_CXX_LANGUAGE_STANDARD = "gnu++0x";
				CLANG_CXX_LIBRARY = "libc++";
				CLANG_ENABLE_MODULES = YES;
				CLANG_ENABLE_OBJC_ARC = YES;
				CLANG_WARN_BOOL_CONVERSION = YES;
				CLANG_WARN_CONSTANT_CONVERSION = YES;
				CLANG_WARN_DIRECT_OBJC_ISA_USAGE = YES_ERROR;
				CLANG_WARN_EMPTY_BODY = YES;
				CLANG_WARN_ENUM_CONVERSION = YES;
				CLANG_WARN_INT_CONVERSION = YES;
				CLANG_WARN_OBJC_ROOT_CLASS = YES_ERROR;
				CLANG_WARN_UNREACHABLE_CODE = YES;
				CLANG_WARN__DUPLICATE_METHOD_MATCH = YES;
				"CODE_SIGN_IDENTITY[sdk=iphoneos*]" = "iPhone Developer";
				COPY_PHASE_STRIP = NO;
				DEBUG_INFORMATION_FORMAT = dwarf;
				ENABLE_STRICT_OBJC_MSGSEND = YES;
				ENABLE_TESTABILITY = YES;
				GCC_C_LANGUAGE_STANDARD = gnu99;
				GCC_DYNAMIC_NO_PIC = NO;
				GCC_NO_COMMON_BLOCKS = YES;
				GCC_OPTIMIZATION_LEVEL = 0;
				GCC_PREPROCESSOR_DEFINITIONS = (
					"DEBUG=1",
					"$(inherited)",
				);
				GCC_WARN_64_TO_32_BIT_CONVERSION = YES;
				GCC_WARN_ABOUT_RETURN_TYPE = YES_ERROR;
				GCC_WARN_UNDECLARED_SELECTOR = YES;
				GCC_WARN_UNINITIALIZED_AUTOS = YES_AGGRESSIVE;
				GCC_WARN_UNUSED_FUNCTION = YES;
				GCC_WARN_UNUSED_VARIABLE = YES;
				IPHONEOS_DEPLOYMENT_TARGET = 9.1;
				MTL_ENABLE_DEBUG_INFO = YES;
				ONLY_ACTIVE_ARCH = YES;
				SDKROOT = iphoneos;
				SWIFT_OPTIMIZATION_LEVEL = "-Onone";
				TARGETED_DEVICE_FAMILY = "1,2";
			};
			name = Debug;
		};
		A9EE90121C1502880093D0B6 /* Release */ = {
			isa = XCBuildConfiguration;
			buildSettings = {
				ALWAYS_SEARCH_USER_PATHS = NO;
				CLANG_CXX_LANGUAGE_STANDARD = "gnu++0x";
				CLANG_CXX_LIBRARY = "libc++";
				CLANG_ENABLE_MODULES = YES;
				CLANG_ENABLE_OBJC_ARC = YES;
				CLANG_WARN_BOOL_CONVERSION = YES;
				CLANG_WARN_CONSTANT_CONVERSION = YES;
				CLANG_WARN_DIRECT_OBJC_ISA_USAGE = YES_ERROR;
				CLANG_WARN_EMPTY_BODY = YES;
				CLANG_WARN_ENUM_CONVERSION = YES;
				CLANG_WARN_INT_CONVERSION = YES;
				CLANG_WARN_OBJC_ROOT_CLASS = YES_ERROR;
				CLANG_WARN_UNREACHABLE_CODE = YES;
				CLANG_WARN__DUPLICATE_METHOD_MATCH = YES;
				"CODE_SIGN_IDENTITY[sdk=iphoneos*]" = "iPhone Developer";
				COPY_PHASE_STRIP = NO;
				DEBUG_INFORMATION_FORMAT = "dwarf-with-dsym";
				ENABLE_NS_ASSERTIONS = NO;
				ENABLE_STRICT_OBJC_MSGSEND = YES;
				GCC_C_LANGUAGE_STANDARD = gnu99;
				GCC_NO_COMMON_BLOCKS = YES;
				GCC_WARN_64_TO_32_BIT_CONVERSION = YES;
				GCC_WARN_ABOUT_RETURN_TYPE = YES_ERROR;
				GCC_WARN_UNDECLARED_SELECTOR = YES;
				GCC_WARN_UNINITIALIZED_AUTOS = YES_AGGRESSIVE;
				GCC_WARN_UNUSED_FUNCTION = YES;
				GCC_WARN_UNUSED_VARIABLE = YES;
				IPHONEOS_DEPLOYMENT_TARGET = 9.1;
				MTL_ENABLE_DEBUG_INFO = NO;
				SDKROOT = iphoneos;
				TARGETED_DEVICE_FAMILY = "1,2";
				VALIDATE_PRODUCT = YES;
			};
			name = Release;
		};
		A9EE90141C1502880093D0B6 /* Debug */ = {
			isa = XCBuildConfiguration;
			buildSettings = {
				ASSETCATALOG_COMPILER_APPICON_NAME = AppIcon;
				INFOPLIST_FILE = VirtualTourist/Info.plist;
				LD_RUNPATH_SEARCH_PATHS = "$(inherited) @executable_path/Frameworks";
				PRODUCT_BUNDLE_IDENTIFIER = me.vincechan.VirtualTourist;
				PRODUCT_NAME = "$(TARGET_NAME)";
			};
			name = Debug;
		};
		A9EE90151C1502880093D0B6 /* Release */ = {
			isa = XCBuildConfiguration;
			buildSettings = {
				ASSETCATALOG_COMPILER_APPICON_NAME = AppIcon;
				INFOPLIST_FILE = VirtualTourist/Info.plist;
				LD_RUNPATH_SEARCH_PATHS = "$(inherited) @executable_path/Frameworks";
				PRODUCT_BUNDLE_IDENTIFIER = me.vincechan.VirtualTourist;
				PRODUCT_NAME = "$(TARGET_NAME)";
			};
			name = Release;
		};
/* End XCBuildConfiguration section */

/* Begin XCConfigurationList section */
		A9EE8FF91C1502880093D0B6 /* Build configuration list for PBXProject "VirtualTourist" */ = {
			isa = XCConfigurationList;
			buildConfigurations = (
				A9EE90111C1502880093D0B6 /* Debug */,
				A9EE90121C1502880093D0B6 /* Release */,
			);
			defaultConfigurationIsVisible = 0;
			defaultConfigurationName = Release;
		};
		A9EE90131C1502880093D0B6 /* Build configuration list for PBXNativeTarget "VirtualTourist" */ = {
			isa = XCConfigurationList;
			buildConfigurations = (
				A9EE90141C1502880093D0B6 /* Debug */,
				A9EE90151C1502880093D0B6 /* Release */,
			);
			defaultConfigurationIsVisible = 0;
			defaultConfigurationName = Release;
		};
/* End XCConfigurationList section */

/* Begin XCVersionGroup section */
		A92C830E1C1996940020A8B1 /* Model.xcdatamodeld */ = {
			isa = XCVersionGroup;
			children = (
				A92C830F1C1996940020A8B1 /* Model.xcdatamodel */,
			);
			currentVersion = A92C830F1C1996940020A8B1 /* Model.xcdatamodel */;
			path = Model.xcdatamodeld;
			sourceTree = "<group>";
			versionGroupType = wrapper.xcdatamodel;
		};
/* End XCVersionGroup section */
	};
	rootObject = A9EE8FF61C1502880093D0B6 /* Project object */;
}
